
Microsoft Visual Studio Solution File, Format Version 12.00
# Visual Studio Version 16
VisualStudioVersion = 16.0.31402.337
MinimumVisualStudioVersion = 10.0.40219.1
Project("{FAE04EC0-301F-11D3-BF4B-00C04F79EFBC}") = "Net5App", "Net5App\Net5App.csproj", "{C6825666-22C5-4CDB-B5EE-002651084329}"
EndProject
Project("{FAE04EC0-301F-11D3-BF4B-00C04F79EFBC}") = "NetCore2.1App", "NetCore2.1App\NetCore2.1App.csproj", "{6CA8631C-6E64-47B1-81F1-3260595ADD33}"
EndProject
Project("{FAE04EC0-301F-11D3-BF4B-00C04F79EFBC}") = "Data", "Data\Data.csproj", "{7026A48B-E4A0-4EFD-8E87-43C7B14A1E6C}"
EndProject
Global
	GlobalSection(SolutionConfigurationPlatforms) = preSolution
		Debug|Any CPU = Debug|Any CPU
		Release|Any CPU = Release|Any CPU
	EndGlobalSection
	GlobalSection(ProjectConfigurationPlatforms) = postSolution
		{C6825666-22C5-4CDB-B5EE-002651084329}.Debug|Any CPU.ActiveCfg = Debug|Any CPU
		{C6825666-22C5-4CDB-B5EE-002651084329}.Debug|Any CPU.Build.0 = Debug|Any CPU
		{C6825666-22C5-4CDB-B5EE-002651084329}.Release|Any CPU.ActiveCfg = Release|Any CPU
		{C6825666-22C5-4CDB-B5EE-002651084329}.Release|Any CPU.Build.0 = Release|Any CPU
		{6CA8631C-6E64-47B1-81F1-3260595ADD33}.Debug|Any CPU.ActiveCfg = Debug|Any CPU
		{6CA8631C-6E64-47B1-81F1-3260595ADD33}.Debug|Any CPU.Build.0 = Debug|Any CPU
		{6CA8631C-6E64-47B1-81F1-3260595ADD33}.Release|Any CPU.ActiveCfg = Release|Any CPU
		{6CA8631C-6E64-47B1-81F1-3260595ADD33}.Release|Any CPU.Build.0 = Release|Any CPU
		{7026A48B-E4A0-4EFD-8E87-43C7B14A1E6C}.Debug|Any CPU.ActiveCfg = Debug|Any CPU
		{7026A48B-E4A0-4EFD-8E87-43C7B14A1E6C}.Debug|Any CPU.Build.0 = Debug|Any CPU
		{7026A48B-E4A0-4EFD-8E87-43C7B14A1E6C}.Release|Any CPU.ActiveCfg = Release|Any CPU
		{7026A48B-E4A0-4EFD-8E87-43C7B14A1E6C}.Release|Any CPU.Build.0 = Release|Any CPU
	EndGlobalSection
	GlobalSection(SolutionProperties) = preSolution
		HideSolutionNode = FALSE
	EndGlobalSection
	GlobalSection(ExtensibilityGlobals) = postSolution
		SolutionGuid = {BC5E9EFF-E978-44ED-AE17-3F0EE83BB3E0}
	EndGlobalSection
EndGlobal
